
Microsoft Visual Studio Solution File, Format Version 12.00
# Visual Studio Version 17
VisualStudioVersion = 17.14.36221.1 d17.14
MinimumVisualStudioVersion = 10.0.40219.1
Project("{00D1A9C2-B5F0-4AF3-8072-F6C62B433612}") = "snippcare-dbs-baseline-upstream", "snippcare-dbs-baseline-upstream.sqlproj", "{0038BFBB-EF78-45B1-8AF3-438529C56250}"
EndProject
Global
	GlobalSection(SolutionConfigurationPlatforms) = preSolution
		Debug|Any CPU = Debug|Any CPU
		Release|Any CPU = Release|Any CPU
	EndGlobalSection
	GlobalSection(ProjectConfigurationPlatforms) = postSolution
		{0038BFBB-EF78-45B1-8AF3-438529C56250}.Debug|Any CPU.ActiveCfg = Debug|Any CPU
		{0038BFBB-EF78-45B1-8AF3-438529C56250}.Debug|Any CPU.Build.0 = Debug|Any CPU
		{0038BFBB-EF78-45B1-8AF3-438529C56250}.Debug|Any CPU.Deploy.0 = Debug|Any CPU
		{0038BFBB-EF78-45B1-8AF3-438529C56250}.Release|Any CPU.ActiveCfg = Release|Any CPU
		{0038BFBB-EF78-45B1-8AF3-438529C56250}.Release|Any CPU.Build.0 = Release|Any CPU
		{0038BFBB-EF78-45B1-8AF3-438529C56250}.Release|Any CPU.Deploy.0 = Release|Any CPU
	EndGlobalSection
	GlobalSection(SolutionProperties) = preSolution
		HideSolutionNode = FALSE
	EndGlobalSection
	GlobalSection(ExtensibilityGlobals) = postSolution
		SolutionGuid = {4DE6D8DF-F054-42F9-BD73-5D1E172B35FC}
	EndGlobalSection
EndGlobal
